
Microsoft Visual Studio Solution File, Format Version 12.00
# Visual Studio Version 16
VisualStudioVersion = 16.0.30907.101
MinimumVisualStudioVersion = 10.0.40219.1
Project("{FAE04EC0-301F-11D3-BF4B-00C04F79EFBC}") = "DataAccess", "DataAccess\DataAccess.csproj", "{DFB6E73F-6F96-47CB-B31C-D656DA865962}"
EndProject
Project("{FAE04EC0-301F-11D3-BF4B-00C04F79EFBC}") = "Business", "Business\Business.csproj", "{6AD48009-241E-4073-89F7-5D070879F942}"
EndProject
Project("{FAE04EC0-301F-11D3-BF4B-00C04F79EFBC}") = "Entities", "Entiteies\Entities.csproj", "{8A42B415-9E9A-4D24-A8CC-79614B9D6690}"
EndProject
Project("{FAE04EC0-301F-11D3-BF4B-00C04F79EFBC}") = "ConsoleUI", "ConsoleUI\ConsoleUI.csproj", "{BBEDCD8C-34BB-4BEC-96A1-C0CA5EC6B2A5}"
EndProject
Global
	GlobalSection(SolutionConfigurationPlatforms) = preSolution
		Debug|Any CPU = Debug|Any CPU
		Release|Any CPU = Release|Any CPU
	EndGlobalSection
	GlobalSection(ProjectConfigurationPlatforms) = postSolution
		{DFB6E73F-6F96-47CB-B31C-D656DA865962}.Debug|Any CPU.ActiveCfg = Debug|Any CPU
		{DFB6E73F-6F96-47CB-B31C-D656DA865962}.Debug|Any CPU.Build.0 = Debug|Any CPU
		{DFB6E73F-6F96-47CB-B31C-D656DA865962}.Release|Any CPU.ActiveCfg = Release|Any CPU
		{DFB6E73F-6F96-47CB-B31C-D656DA865962}.Release|Any CPU.Build.0 = Release|Any CPU
		{6AD48009-241E-4073-89F7-5D070879F942}.Debug|Any CPU.ActiveCfg = Debug|Any CPU
		{6AD48009-241E-4073-89F7-5D070879F942}.Debug|Any CPU.Build.0 = Debug|Any CPU
		{6AD48009-241E-4073-89F7-5D070879F942}.Release|Any CPU.ActiveCfg = Release|Any CPU
		{6AD48009-241E-4073-89F7-5D070879F942}.Release|Any CPU.Build.0 = Release|Any CPU
		{8A42B415-9E9A-4D24-A8CC-79614B9D6690}.Debug|Any CPU.ActiveCfg = Debug|Any CPU
		{8A42B415-9E9A-4D24-A8CC-79614B9D6690}.Debug|Any CPU.Build.0 = Debug|Any CPU
		{8A42B415-9E9A-4D24-A8CC-79614B9D6690}.Release|Any CPU.ActiveCfg = Release|Any CPU
		{8A42B415-9E9A-4D24-A8CC-79614B9D6690}.Release|Any CPU.Build.0 = Release|Any CPU
		{BBEDCD8C-34BB-4BEC-96A1-C0CA5EC6B2A5}.Debug|Any CPU.ActiveCfg = Debug|Any CPU
		{BBEDCD8C-34BB-4BEC-96A1-C0CA5EC6B2A5}.Debug|Any CPU.Build.0 = Debug|Any CPU
		{BBEDCD8C-34BB-4BEC-96A1-C0CA5EC6B2A5}.Release|Any CPU.ActiveCfg = Release|Any CPU
		{BBEDCD8C-34BB-4BEC-96A1-C0CA5EC6B2A5}.Release|Any CPU.Build.0 = Release|Any CPU
	EndGlobalSection
	GlobalSection(SolutionProperties) = preSolution
		HideSolutionNode = FALSE
	EndGlobalSection
	GlobalSection(ExtensibilityGlobals) = postSolution
		SolutionGuid = {4A919F44-4152-4B40-A571-95A38C4845C9}
	EndGlobalSection
EndGlobal
